
Microsoft Visual Studio Solution File, Format Version 12.00
# Visual Studio Version 16
VisualStudioVersion = 16.0.30711.63
MinimumVisualStudioVersion = 10.0.40219.1
Project("{FAE04EC0-301F-11D3-BF4B-00C04F79EFBC}") = "WarsztatTTPConsole", "WarsztatTTPConsole\WarsztatTTPConsole.csproj", "{C78A21F2-BF5F-4887-A459-9D6EFACA510B}"
EndProject
Project("{FAE04EC0-301F-11D3-BF4B-00C04F79EFBC}") = "WarsztatTTPLib", "WarsztatTTPLib\WarsztatTTPLib.csproj", "{96552FCA-294D-4755-93BE-CAFE9858739A}"
EndProject
Project("{FAE04EC0-301F-11D3-BF4B-00C04F79EFBC}") = "WarsztatTTPTests", "WarsztatTTPTests\WarsztatTTPTests.csproj", "{34BF4CBC-7B44-4C74-9874-4BB4E2DFDD9B}"
EndProject
Global
	GlobalSection(SolutionConfigurationPlatforms) = preSolution
		Debug|Any CPU = Debug|Any CPU
		Release|Any CPU = Release|Any CPU
	EndGlobalSection
	GlobalSection(ProjectConfigurationPlatforms) = postSolution
		{C78A21F2-BF5F-4887-A459-9D6EFACA510B}.Debug|Any CPU.ActiveCfg = Debug|Any CPU
		{C78A21F2-BF5F-4887-A459-9D6EFACA510B}.Debug|Any CPU.Build.0 = Debug|Any CPU
		{C78A21F2-BF5F-4887-A459-9D6EFACA510B}.Release|Any CPU.ActiveCfg = Release|Any CPU
		{C78A21F2-BF5F-4887-A459-9D6EFACA510B}.Release|Any CPU.Build.0 = Release|Any CPU
		{96552FCA-294D-4755-93BE-CAFE9858739A}.Debug|Any CPU.ActiveCfg = Debug|Any CPU
		{96552FCA-294D-4755-93BE-CAFE9858739A}.Debug|Any CPU.Build.0 = Debug|Any CPU
		{96552FCA-294D-4755-93BE-CAFE9858739A}.Release|Any CPU.ActiveCfg = Release|Any CPU
		{96552FCA-294D-4755-93BE-CAFE9858739A}.Release|Any CPU.Build.0 = Release|Any CPU
		{34BF4CBC-7B44-4C74-9874-4BB4E2DFDD9B}.Debug|Any CPU.ActiveCfg = Debug|Any CPU
		{34BF4CBC-7B44-4C74-9874-4BB4E2DFDD9B}.Debug|Any CPU.Build.0 = Debug|Any CPU
		{34BF4CBC-7B44-4C74-9874-4BB4E2DFDD9B}.Release|Any CPU.ActiveCfg = Release|Any CPU
		{34BF4CBC-7B44-4C74-9874-4BB4E2DFDD9B}.Release|Any CPU.Build.0 = Release|Any CPU
	EndGlobalSection
	GlobalSection(SolutionProperties) = preSolution
		HideSolutionNode = FALSE
	EndGlobalSection
	GlobalSection(ExtensibilityGlobals) = postSolution
		SolutionGuid = {6A6D5FE0-BAF1-4153-8D06-0AC6895A7F53}
	EndGlobalSection
EndGlobal
